
Microsoft Visual Studio Solution File, Format Version 12.00
# Visual Studio Version 16
VisualStudioVersion = 16.0.29503.13
MinimumVisualStudioVersion = 10.0.40219.1
Project("{8BC9CEB8-8B4A-11D0-8D11-00A0C91BC942}") = "game engine", "game engine\game engine.vcxproj", "{79C85BD8-0E51-446C-A818-E0F3BFA971A2}"
EndProject
Project("{8BC9CEB8-8B4A-11D0-8D11-00A0C91BC942}") = "level creator", "level creator\level creator.vcxproj", "{0955204A-9017-4A00-BBBE-D92F74E6DE67}"
EndProject
Project("{8BC9CEB8-8B4A-11D0-8D11-00A0C91BC942}") = "SFML_Menu", "SFML_Menu\SFML_Menu.vcxproj", "{D3FE6FBD-757B-4876-B824-13277046242C}"
EndProject
Global
	GlobalSection(SolutionConfigurationPlatforms) = preSolution
		Debug|x64 = Debug|x64
		Debug|x86 = Debug|x86
		Release|x64 = Release|x64
		Release|x86 = Release|x86
	EndGlobalSection
	GlobalSection(ProjectConfigurationPlatforms) = postSolution
		{79C85BD8-0E51-446C-A818-E0F3BFA971A2}.Debug|x64.ActiveCfg = Debug|x64
		{79C85BD8-0E51-446C-A818-E0F3BFA971A2}.Debug|x64.Build.0 = Debug|x64
		{79C85BD8-0E51-446C-A818-E0F3BFA971A2}.Debug|x86.ActiveCfg = Debug|Win32
		{79C85BD8-0E51-446C-A818-E0F3BFA971A2}.Debug|x86.Build.0 = Debug|Win32
		{79C85BD8-0E51-446C-A818-E0F3BFA971A2}.Release|x64.ActiveCfg = Release|x64
		{79C85BD8-0E51-446C-A818-E0F3BFA971A2}.Release|x64.Build.0 = Release|x64
		{79C85BD8-0E51-446C-A818-E0F3BFA971A2}.Release|x86.ActiveCfg = Release|Win32
		{79C85BD8-0E51-446C-A818-E0F3BFA971A2}.Release|x86.Build.0 = Release|Win32
		{0955204A-9017-4A00-BBBE-D92F74E6DE67}.Debug|x64.ActiveCfg = Debug|x64
		{0955204A-9017-4A00-BBBE-D92F74E6DE67}.Debug|x64.Build.0 = Debug|x64
		{0955204A-9017-4A00-BBBE-D92F74E6DE67}.Debug|x86.ActiveCfg = Debug|Win32
		{0955204A-9017-4A00-BBBE-D92F74E6DE67}.Debug|x86.Build.0 = Debug|Win32
		{0955204A-9017-4A00-BBBE-D92F74E6DE67}.Release|x64.ActiveCfg = Release|x64
		{0955204A-9017-4A00-BBBE-D92F74E6DE67}.Release|x64.Build.0 = Release|x64
		{0955204A-9017-4A00-BBBE-D92F74E6DE67}.Release|x86.ActiveCfg = Release|Win32
		{0955204A-9017-4A00-BBBE-D92F74E6DE67}.Release|x86.Build.0 = Release|Win32
		{D3FE6FBD-757B-4876-B824-13277046242C}.Debug|x64.ActiveCfg = Debug|x64
		{D3FE6FBD-757B-4876-B824-13277046242C}.Debug|x64.Build.0 = Debug|x64
		{D3FE6FBD-757B-4876-B824-13277046242C}.Debug|x86.ActiveCfg = Debug|Win32
		{D3FE6FBD-757B-4876-B824-13277046242C}.Debug|x86.Build.0 = Debug|Win32
		{D3FE6FBD-757B-4876-B824-13277046242C}.Release|x64.ActiveCfg = Release|x64
		{D3FE6FBD-757B-4876-B824-13277046242C}.Release|x64.Build.0 = Release|x64
		{D3FE6FBD-757B-4876-B824-13277046242C}.Release|x86.ActiveCfg = Release|Win32
		{D3FE6FBD-757B-4876-B824-13277046242C}.Release|x86.Build.0 = Release|Win32
	EndGlobalSection
	GlobalSection(SolutionProperties) = preSolution
		HideSolutionNode = FALSE
	EndGlobalSection
	GlobalSection(ExtensibilityGlobals) = postSolution
		SolutionGuid = {76CDB778-676F-492E-A32A-8F295F96C9FE}
	EndGlobalSection
EndGlobal
